
Microsoft Visual Studio Solution File, Format Version 12.00
# Visual Studio 14
VisualStudioVersion = 14.0.25420.1
MinimumVisualStudioVersion = 10.0.40219.1
Project("{FAE04EC0-301F-11D3-BF4B-00C04F79EFBC}") = "LCPCalculator", "LCPCalculator\LCPCalculator.csproj", "{9EEDE8DB-1B90-449B-84E5-8505B13C7AA0}"
EndProject
Project("{159641D6-6404-4A2A-AE62-294DE0FE8301}") = "RunPartialBuild", "RunPartialBuild\RunPartialBuild.dtproj", "{07E298E1-0BDA-439F-8338-2B382CDDE322}"
EndProject
Project("{FAE04EC0-301F-11D3-BF4B-00C04F79EFBC}") = "Redux", "Redux\Redux.csproj", "{8DFBA55D-004D-4B5E-90E0-845C824FC6D8}"
EndProject
Global
	GlobalSection(SolutionConfigurationPlatforms) = preSolution
		Debug|Any CPU = Debug|Any CPU
		Development|Any CPU = Development|Any CPU
		Release|Any CPU = Release|Any CPU
	EndGlobalSection
	GlobalSection(ProjectConfigurationPlatforms) = postSolution
		{9EEDE8DB-1B90-449B-84E5-8505B13C7AA0}.Debug|Any CPU.ActiveCfg = Debug|Any CPU
		{9EEDE8DB-1B90-449B-84E5-8505B13C7AA0}.Debug|Any CPU.Build.0 = Debug|Any CPU
		{9EEDE8DB-1B90-449B-84E5-8505B13C7AA0}.Development|Any CPU.ActiveCfg = Debug|Any CPU
		{9EEDE8DB-1B90-449B-84E5-8505B13C7AA0}.Development|Any CPU.Build.0 = Debug|Any CPU
		{9EEDE8DB-1B90-449B-84E5-8505B13C7AA0}.Release|Any CPU.ActiveCfg = Release|Any CPU
		{9EEDE8DB-1B90-449B-84E5-8505B13C7AA0}.Release|Any CPU.Build.0 = Release|Any CPU
		{07E298E1-0BDA-439F-8338-2B382CDDE322}.Debug|Any CPU.ActiveCfg = Development
		{07E298E1-0BDA-439F-8338-2B382CDDE322}.Debug|Any CPU.Build.0 = Development
		{07E298E1-0BDA-439F-8338-2B382CDDE322}.Development|Any CPU.ActiveCfg = Development
		{07E298E1-0BDA-439F-8338-2B382CDDE322}.Development|Any CPU.Build.0 = Development
		{07E298E1-0BDA-439F-8338-2B382CDDE322}.Release|Any CPU.ActiveCfg = Development
		{07E298E1-0BDA-439F-8338-2B382CDDE322}.Release|Any CPU.Build.0 = Development
		{8DFBA55D-004D-4B5E-90E0-845C824FC6D8}.Debug|Any CPU.ActiveCfg = Debug|Any CPU
		{8DFBA55D-004D-4B5E-90E0-845C824FC6D8}.Debug|Any CPU.Build.0 = Debug|Any CPU
		{8DFBA55D-004D-4B5E-90E0-845C824FC6D8}.Development|Any CPU.ActiveCfg = Debug|Any CPU
		{8DFBA55D-004D-4B5E-90E0-845C824FC6D8}.Development|Any CPU.Build.0 = Debug|Any CPU
		{8DFBA55D-004D-4B5E-90E0-845C824FC6D8}.Release|Any CPU.ActiveCfg = Release|Any CPU
		{8DFBA55D-004D-4B5E-90E0-845C824FC6D8}.Release|Any CPU.Build.0 = Release|Any CPU
	EndGlobalSection
	GlobalSection(SolutionProperties) = preSolution
		HideSolutionNode = FALSE
	EndGlobalSection
EndGlobal
